<?xml version="1.0" encoding="utf-8"?>
<Project ToolsVersion="4.0" xmlns="http://schemas.microsoft.com/developer/msbuild/2003">
  <ItemGroup>
    <Filter Include="Source Files">
      <UniqueIdentifier>{4FC737F1-C7A5-4376-A066-2A32D752A2FF}</UniqueIdentifier>
      <Extensions>cpp;cxx;c;def</Extensions>
    </Filter>
    <Filter Include="Header Files">
      <UniqueIdentifier>{93995380-89BD-4b04-88EB-625FBE52EBFB}</UniqueIdentifier>
      <Extensions>h</Extensions>
    </Filter>
    <Filter Include="Form Files">
      <UniqueIdentifier>{99349809-55BA-4b9d-BF79-8FDBB0286EB3}</UniqueIdentifier>
      <Extensions>ui</Extensions>
    </Filter>
    <Filter Include="Resource Files">
      <UniqueIdentifier>{D9D6E242-F8AF-46E4-B9FD-80ECBC20BA3E}</UniqueIdentifier>
      <Extensions>qrc;*</Extensions>
      <ParseFiles>false</ParseFiles>
    </Filter>
    <Filter Include="Generated Files">
      <UniqueIdentifier>{71ED8ED8-ACB9-4CE9-BBE1-E00B30144E11}</UniqueIdentifier>
      <Extensions>moc;h;cpp</Extensions>
      <SourceControlFiles>False</SourceControlFiles>
    </Filter>
    <Filter Include="Generated Files\Debug">
      <UniqueIdentifier>{ac05f8ae-5089-48dc-a243-27fd3705a514}</UniqueIdentifier>
      <Extensions>cpp;moc</Extensions>
      <SourceControlFiles>False</SourceControlFiles>
    </Filter>
    <Filter Include="Generated Files\Release">
      <UniqueIdentifier>{808c8959-5d1a-4170-9708-b075291386be}</UniqueIdentifier>
      <Extensions>cpp;moc</Extensions>
      <SourceControlFiles>False</SourceControlFiles>
    </Filter>
    <Filter Include="Qqt">
      <UniqueIdentifier>{8d961767-ee17-4707-b5fd-0ba576ed9227}</UniqueIdentifier>
    </Filter>
  </ItemGroup>
  <ItemGroup>
    <ClCompile Include="main.cpp">
      <Filter>Source Files</Filter>
    </ClCompile>
    <ClCompile Include="MainWindow.cpp">
      <Filter>Source Files</Filter>
    </ClCompile>
    <ClCompile Include="GeneratedFiles\Debug\moc_MainWindow.cpp">
      <Filter>Generated Files\Debug</Filter>
    </ClCompile>
    <ClCompile Include="GeneratedFiles\Release\moc_MainWindow.cpp">
      <Filter>Generated Files\Release</Filter>
    </ClCompile>
    <ClCompile Include="GeneratedFiles\qrc_MainWindow.cpp">
      <Filter>Generated Files</Filter>
    </ClCompile>
    <ClCompile Include="pch.cpp">
      <Filter>Source Files</Filter>
    </ClCompile>
    <ClCompile Include="Organism.cpp">
      <Filter>Source Files</Filter>
    </ClCompile>
    <ClCompile Include="Genome.cpp">
      <Filter>Source Files</Filter>
    </ClCompile>
    <ClCompile Include="Chromosome.cpp">
      <Filter>Source Files</Filter>
    </ClCompile>
    <ClCompile Include="Gene.cpp">
      <Filter>Source Files</Filter>
    </ClCompile>
    <ClCompile Include="Population.cpp">
      <Filter>Source Files</Filter>
    </ClCompile>
    <ClCompile Include="..\..\Qqt\src\AbstractButtonPropertyRedirects.cpp">
      <Filter>Qqt</Filter>
    </ClCompile>
    <ClCompile Include="..\..\Qqt\src\AbstractSpinBoxPropertyRedirects.cpp">
      <Filter>Qqt</Filter>
    </ClCompile>
    <ClCompile Include="..\..\Qqt\src\Action.cpp">
      <Filter>Qqt</Filter>
    </ClCompile>
    <ClCompile Include="..\..\Qqt\src\BoxLayout.cpp">
      <Filter>Qqt</Filter>
    </ClCompile>
    <ClCompile Include="..\..\Qqt\src\ButtonGroup.cpp">
      <Filter>Qqt</Filter>
    </ClCompile>
    <ClCompile Include="..\..\Qqt\src\CheckBox.cpp">
      <Filter>Qqt</Filter>
    </ClCompile>
    <ClCompile Include="..\..\Qqt\src\ComboBox.cpp">
      <Filter>Qqt</Filter>
    </ClCompile>
    <ClCompile Include="..\..\Qqt\src\CompactHBoxLayout.cpp">
      <Filter>Qqt</Filter>
    </ClCompile>
    <ClCompile Include="..\..\Qqt\src\CompactVBoxLayout.cpp">
      <Filter>Qqt</Filter>
    </ClCompile>
    <ClCompile Include="..\..\Qqt\src\DialogButtonBox.cpp">
      <Filter>Qqt</Filter>
    </ClCompile>
    <ClCompile Include="..\..\Qqt\src\DirString.cpp">
      <Filter>Qqt</Filter>
    </ClCompile>
    <ClCompile Include="..\..\Qqt\src\FileFacility.cpp">
      <Filter>Qqt</Filter>
    </ClCompile>
    <ClCompile Include="..\..\Qqt\src\FileReader.cpp">
      <Filter>Qqt</Filter>
    </ClCompile>
    <ClCompile Include="..\..\Qqt\src\FileWriter.cpp">
      <Filter>Qqt</Filter>
    </ClCompile>
    <ClCompile Include="..\..\Qqt\src\FormLayout.cpp">
      <Filter>Qqt</Filter>
    </ClCompile>
    <ClCompile Include="..\..\Qqt\src\GridLayout.cpp">
      <Filter>Qqt</Filter>
    </ClCompile>
    <ClCompile Include="..\..\Qqt\src\GroupBox.cpp">
      <Filter>Qqt</Filter>
    </ClCompile>
    <ClCompile Include="..\..\Qqt\src\HBoxLayout.cpp">
      <Filter>Qqt</Filter>
    </ClCompile>
    <ClCompile Include="..\..\Qqt\src\includeMore.cpp">
      <Filter>Qqt</Filter>
    </ClCompile>
    <ClCompile Include="..\..\Qqt\src\Label.cpp">
      <Filter>Qqt</Filter>
    </ClCompile>
    <ClCompile Include="..\..\Qqt\src\Layout.cpp">
      <Filter>Qqt</Filter>
    </ClCompile>
    <ClCompile Include="..\..\Qqt\src\LineEdit.cpp">
      <Filter>Qqt</Filter>
    </ClCompile>
    <ClCompile Include="..\..\Qqt\src\Menu.cpp">
      <Filter>Qqt</Filter>
    </ClCompile>
    <ClCompile Include="..\..\Qqt\src\MenuButton.cpp">
      <Filter>Qqt</Filter>
    </ClCompile>
    <ClCompile Include="..\..\Qqt\src\MsgBox.cpp">
      <Filter>Qqt</Filter>
    </ClCompile>
    <ClCompile Include="..\..\Qqt\src\Object.cpp">
      <Filter>Qqt</Filter>
    </ClCompile>
    <ClCompile Include="..\..\Qqt\src\Parser.cpp">
      <Filter>Qqt</Filter>
    </ClCompile>
    <ClCompile Include="..\..\Qqt\src\ProgressBar.cpp">
      <Filter>Qqt</Filter>
    </ClCompile>
    <ClCompile Include="..\..\Qqt\src\PushButton.cpp">
      <Filter>Qqt</Filter>
    </ClCompile>
    <ClCompile Include="..\..\Qqt\src\RadioButton.cpp">
      <Filter>Qqt</Filter>
    </ClCompile>
    <ClCompile Include="..\..\Qqt\src\ReadStatus.cpp">
      <Filter>Qqt</Filter>
    </ClCompile>
    <ClCompile Include="..\..\Qqt\src\RotatableToolBar.cpp">
      <Filter>Qqt</Filter>
    </ClCompile>
    <ClCompile Include="GeneratedFiles\Debug\moc_RotatableToolBar.cpp">
      <Filter>Generated Files\Debug</Filter>
    </ClCompile>
    <ClCompile Include="GeneratedFiles\Release\moc_RotatableToolBar.cpp">
      <Filter>Generated Files\Release</Filter>
    </ClCompile>
    <ClCompile Include="..\..\Qqt\src\Settings.cpp">
      <Filter>Qqt</Filter>
    </ClCompile>
    <ClCompile Include="..\..\Qqt\src\SignalEmitter.cpp">
      <Filter>Qqt</Filter>
    </ClCompile>
    <ClCompile Include="GeneratedFiles\Debug\moc_SignalEmitter.cpp">
      <Filter>Generated Files\Debug</Filter>
    </ClCompile>
    <ClCompile Include="GeneratedFiles\Release\moc_SignalEmitter.cpp">
      <Filter>Generated Files\Release</Filter>
    </ClCompile>
    <ClCompile Include="..\..\Qqt\src\SpinBox.cpp">
      <Filter>Qqt</Filter>
    </ClCompile>
    <ClCompile Include="..\..\Qqt\src\Splitter.cpp">
      <Filter>Qqt</Filter>
    </ClCompile>
    <ClCompile Include="..\..\Qqt\src\TabWidget.cpp">
      <Filter>Qqt</Filter>
    </ClCompile>
    <ClCompile Include="..\..\Qqt\src\ToolBar.cpp">
      <Filter>Qqt</Filter>
    </ClCompile>
    <ClCompile Include="..\..\Qqt\src\ToolButton.cpp">
      <Filter>Qqt</Filter>
    </ClCompile>
    <ClCompile Include="..\..\Qqt\src\ToString.cpp">
      <Filter>Qqt</Filter>
    </ClCompile>
    <ClCompile Include="..\..\Qqt\src\VBoxLayout.cpp">
      <Filter>Qqt</Filter>
    </ClCompile>
    <ClCompile Include="..\..\Qqt\src\Widget.cpp">
      <Filter>Qqt</Filter>
    </ClCompile>
    <ClCompile Include="..\..\Qqt\src\WidgetPropertyRedirects.cpp">
      <Filter>Qqt</Filter>
    </ClCompile>
  </ItemGroup>
  <ItemGroup>
    <CustomBuild Include="MainWindow.qrc">
      <Filter>Resource Files</Filter>
    </CustomBuild>
    <CustomBuild Include="MainWindow.h">
      <Filter>Source Files</Filter>
    </CustomBuild>
    <CustomBuild Include="..\..\Qqt\src\RotatableToolBar.h">
      <Filter>Qqt</Filter>
    </CustomBuild>
    <CustomBuild Include="..\..\Qqt\src\SignalEmitter.h">
      <Filter>Qqt</Filter>
    </CustomBuild>
  </ItemGroup>
  <ItemGroup>
    <ResourceCompile Include="Genetics.rc" />
  </ItemGroup>
  <ItemGroup>
    <ClInclude Include="pch.h">
      <Filter>Source Files</Filter>
    </ClInclude>
    <ClInclude Include="Organism.h">
      <Filter>Source Files</Filter>
    </ClInclude>
    <ClInclude Include="Genome.h">
      <Filter>Source Files</Filter>
    </ClInclude>
    <ClInclude Include="Chromosome.h">
      <Filter>Source Files</Filter>
    </ClInclude>
    <ClInclude Include="Gene.h">
      <Filter>Source Files</Filter>
    </ClInclude>
    <ClInclude Include="Population.h">
      <Filter>Source Files</Filter>
    </ClInclude>
    <ClInclude Include="..\..\Qqt\src\AbstractButtonPropertyRedirects.h">
      <Filter>Qqt</Filter>
    </ClInclude>
    <ClInclude Include="..\..\Qqt\src\AbstractSpinBoxPropertyRedirects.h">
      <Filter>Qqt</Filter>
    </ClInclude>
    <ClInclude Include="..\..\Qqt\src\Action.h">
      <Filter>Qqt</Filter>
    </ClInclude>
    <ClInclude Include="..\..\Qqt\src\BoxLayout.h">
      <Filter>Qqt</Filter>
    </ClInclude>
    <ClInclude Include="..\..\Qqt\src\ButtonGroup.h">
      <Filter>Qqt</Filter>
    </ClInclude>
    <ClInclude Include="..\..\Qqt\src\ByteArrayWithDataStream.h">
      <Filter>Qqt</Filter>
    </ClInclude>
    <ClInclude Include="..\..\Qqt\src\CheckBox.h">
      <Filter>Qqt</Filter>
    </ClInclude>
    <ClInclude Include="..\..\Qqt\src\ComboBox.h">
      <Filter>Qqt</Filter>
    </ClInclude>
    <ClInclude Include="..\..\Qqt\src\CompactHBoxLayout.h">
      <Filter>Qqt</Filter>
    </ClInclude>
    <ClInclude Include="..\..\Qqt\src\CompactVBoxLayout.h">
      <Filter>Qqt</Filter>
    </ClInclude>
    <ClInclude Include="..\..\Qqt\src\CtorProcessorT.h">
      <Filter>Qqt</Filter>
    </ClInclude>
    <ClInclude Include="..\..\Qqt\src\DialogButtonBox.h">
      <Filter>Qqt</Filter>
    </ClInclude>
    <ClInclude Include="..\..\Qqt\src\DirString.h">
      <Filter>Qqt</Filter>
    </ClInclude>
    <ClInclude Include="..\..\Qqt\src\FileFacility.h">
      <Filter>Qqt</Filter>
    </ClInclude>
    <ClInclude Include="..\..\Qqt\src\FileReader.h">
      <Filter>Qqt</Filter>
    </ClInclude>
    <ClInclude Include="..\..\Qqt\src\FileWriter.h">
      <Filter>Qqt</Filter>
    </ClInclude>
    <ClInclude Include="..\..\Qqt\src\FormLayout.h">
      <Filter>Qqt</Filter>
    </ClInclude>
    <ClInclude Include="..\..\Qqt\src\GridLayout.h">
      <Filter>Qqt</Filter>
    </ClInclude>
    <ClInclude Include="..\..\Qqt\src\GroupBox.h">
      <Filter>Qqt</Filter>
    </ClInclude>
    <ClInclude Include="..\..\Qqt\src\HBoxLayout.h">
      <Filter>Qqt</Filter>
    </ClInclude>
    <ClInclude Include="..\..\Qqt\src\includeMe.h">
      <Filter>Qqt</Filter>
    </ClInclude>
    <ClInclude Include="..\..\Qqt\src\includeMore.h">
      <Filter>Qqt</Filter>
    </ClInclude>
    <ClInclude Include="..\..\Qqt\src\Label.h">
      <Filter>Qqt</Filter>
    </ClInclude>
    <ClInclude Include="..\..\Qqt\src\Layout.h">
      <Filter>Qqt</Filter>
    </ClInclude>
    <ClInclude Include="..\..\Qqt\src\LineEdit.h">
      <Filter>Qqt</Filter>
    </ClInclude>
    <ClInclude Include="..\..\Qqt\src\Menu.h">
      <Filter>Qqt</Filter>
    </ClInclude>
    <ClInclude Include="..\..\Qqt\src\MenuButton.h">
      <Filter>Qqt</Filter>
    </ClInclude>
    <ClInclude Include="..\..\Qqt\src\MsgBox.h">
      <Filter>Qqt</Filter>
    </ClInclude>
    <ClInclude Include="..\..\Qqt\src\New.h">
      <Filter>Qqt</Filter>
    </ClInclude>
    <ClInclude Include="..\..\Qqt\src\Object.h">
      <Filter>Qqt</Filter>
    </ClInclude>
    <ClInclude Include="..\..\Qqt\src\Parser.h">
      <Filter>Qqt</Filter>
    </ClInclude>
    <ClInclude Include="..\..\Qqt\src\preprocessor.h">
      <Filter>Qqt</Filter>
    </ClInclude>
    <ClInclude Include="..\..\Qqt\src\ProgressBar.h">
      <Filter>Qqt</Filter>
    </ClInclude>
    <ClInclude Include="..\..\Qqt\src\PropertyRedirect.h">
      <Filter>Qqt</Filter>
    </ClInclude>
    <ClInclude Include="..\..\Qqt\src\PushButton.h">
      <Filter>Qqt</Filter>
    </ClInclude>
    <ClInclude Include="..\..\Qqt\src\RadioButton.h">
      <Filter>Qqt</Filter>
    </ClInclude>
    <ClInclude Include="..\..\Qqt\src\ReadStatus.h">
      <Filter>Qqt</Filter>
    </ClInclude>
    <ClInclude Include="..\..\Qqt\src\Settings.h">
      <Filter>Qqt</Filter>
    </ClInclude>
    <ClInclude Include="..\..\Qqt\src\SpinBox.h">
      <Filter>Qqt</Filter>
    </ClInclude>
    <ClInclude Include="..\..\Qqt\src\Splitter.h">
      <Filter>Qqt</Filter>
    </ClInclude>
    <ClInclude Include="..\..\Qqt\src\TabWidget.h">
      <Filter>Qqt</Filter>
    </ClInclude>
    <ClInclude Include="..\..\Qqt\src\ToolBar.h">
      <Filter>Qqt</Filter>
    </ClInclude>
    <ClInclude Include="..\..\Qqt\src\ToolButton.h">
      <Filter>Qqt</Filter>
    </ClInclude>
    <ClInclude Include="..\..\Qqt\src\TopResult.h">
      <Filter>Qqt</Filter>
    </ClInclude>
    <ClInclude Include="..\..\Qqt\src\ToString.h">
      <Filter>Qqt</Filter>
    </ClInclude>
    <ClInclude Include="..\..\Qqt\src\VBoxLayout.h">
      <Filter>Qqt</Filter>
    </ClInclude>
    <ClInclude Include="..\..\Qqt\src\Widget.h">
      <Filter>Qqt</Filter>
    </ClInclude>
    <ClInclude Include="..\..\Qqt\src\WidgetPropertyRedirects.h">
      <Filter>Qqt</Filter>
    </ClInclude>
  </ItemGroup>
</Project>